// !$*UTF8*$!
{
	archiveVersion = 1;
	classes = {
	};
	objectVersion = 46;
	objects = {

/* Begin PBXBuildFile section */
		FF2DF4761B820D280099191A /* AppDelegate.swift in Sources */ = {isa = PBXBuildFile; fileRef = FF2DF4751B820D280099191A /* AppDelegate.swift */; };
		FF2DF4781B820D280099191A /* TableViewController.swift in Sources */ = {isa = PBXBuildFile; fileRef = FF2DF4771B820D280099191A /* TableViewController.swift */; };
		FF2DF47B1B820D280099191A /* Main.storyboard in Resources */ = {isa = PBXBuildFile; fileRef = FF2DF4791B820D280099191A /* Main.storyboard */; };
		FF2DF47D1B820D280099191A /* Images.xcassets in Resources */ = {isa = PBXBuildFile; fileRef = FF2DF47C1B820D280099191A /* Images.xcassets */; };
		FF2DF4801B820D280099191A /* LaunchScreen.xib in Resources */ = {isa = PBXBuildFile; fileRef = FF2DF47E1B820D280099191A /* LaunchScreen.xib */; };
		FF2DF48C1B820D280099191A /* BlogSamplesTests.swift in Sources */ = {isa = PBXBuildFile; fileRef = FF2DF48B1B820D280099191A /* BlogSamplesTests.swift */; };
		FF2DF4971B8212DD0099191A /* SampleCodeDataSource.swift in Sources */ = {isa = PBXBuildFile; fileRef = FF2DF4961B8212DD0099191A /* SampleCodeDataSource.swift */; };
		FF2DF4991B8214CF0099191A /* Sample.swift in Sources */ = {isa = PBXBuildFile; fileRef = FF2DF4981B8214CF0099191A /* Sample.swift */; };
		FF2DF49D1B821A410099191A /* CAReplicatorLayerSample.storyboard in Resources */ = {isa = PBXBuildFile; fileRef = FF2DF49C1B821A410099191A /* CAReplicatorLayerSample.storyboard */; };
		FF2DF49F1B821A730099191A /* CAReplicatorLayerSampleViewController.swift in Sources */ = {isa = PBXBuildFile; fileRef = FF2DF49E1B821A730099191A /* CAReplicatorLayerSampleViewController.swift */; };
/* End PBXBuildFile section */

/* Begin PBXContainerItemProxy section */
		FF2DF4861B820D280099191A /* PBXContainerItemProxy */ = {
			isa = PBXContainerItemProxy;
			containerPortal = FF2DF4681B820D270099191A /* Project object */;
			proxyType = 1;
			remoteGlobalIDString = FF2DF46F1B820D270099191A;
			remoteInfo = BlogSamples;
		};
/* End PBXContainerItemProxy section */

/* Begin PBXFileReference section */
		FF2DF4701B820D280099191A /* BlogSamples.app */ = {isa = PBXFileReference; explicitFileType = wrapper.application; includeInIndex = 0; path = BlogSamples.app; sourceTree = BUILT_PRODUCTS_DIR; };
		FF2DF4741B820D280099191A /* Info.plist */ = {isa = PBXFileReference; lastKnownFileType = text.plist.xml; path = Info.plist; sourceTree = "<group>"; };
		FF2DF4751B820D280099191A /* AppDelegate.swift */ = {isa = PBXFileReference; lastKnownFileType = sourcecode.swift; path = AppDelegate.swift; sourceTree = "<group>"; };
		FF2DF4771B820D280099191A /* TableViewController.swift */ = {isa = PBXFileReference; lastKnownFileType = sourcecode.swift; path = TableViewController.swift; sourceTree = "<group>"; };
		FF2DF47A1B820D280099191A /* Base */ = {isa = PBXFileReference; lastKnownFileType = file.storyboard; name = Base; path = Base.lproj/Main.storyboard; sourceTree = "<group>"; };
		FF2DF47C1B820D280099191A /* Images.xcassets */ = {isa = PBXFileReference; lastKnownFileType = folder.assetcatalog; path = Images.xcassets; sourceTree = "<group>"; };
		FF2DF47F1B820D280099191A /* Base */ = {isa = PBXFileReference; lastKnownFileType = file.xib; name = Base; path = Base.lproj/LaunchScreen.xib; sourceTree = "<group>"; };
		FF2DF4851B820D280099191A /* BlogSamplesTests.xctest */ = {isa = PBXFileReference; explicitFileType = wrapper.cfbundle; includeInIndex = 0; path = BlogSamplesTests.xctest; sourceTree = BUILT_PRODUCTS_DIR; };
		FF2DF48A1B820D280099191A /* Info.plist */ = {isa = PBXFileReference; lastKnownFileType = text.plist.xml; path = Info.plist; sourceTree = "<group>"; };
		FF2DF48B1B820D280099191A /* BlogSamplesTests.swift */ = {isa = PBXFileReference; lastKnownFileType = sourcecode.swift; path = BlogSamplesTests.swift; sourceTree = "<group>"; };
		FF2DF4961B8212DD0099191A /* SampleCodeDataSource.swift */ = {isa = PBXFileReference; fileEncoding = 4; lastKnownFileType = sourcecode.swift; path = SampleCodeDataSource.swift; sourceTree = "<group>"; };
		FF2DF4981B8214CF0099191A /* Sample.swift */ = {isa = PBXFileReference; fileEncoding = 4; lastKnownFileType = sourcecode.swift; path = Sample.swift; sourceTree = "<group>"; };
		FF2DF49C1B821A410099191A /* CAReplicatorLayerSample.storyboard */ = {isa = PBXFileReference; fileEncoding = 4; lastKnownFileType = file.storyboard; path = CAReplicatorLayerSample.storyboard; sourceTree = "<group>"; };
		FF2DF49E1B821A730099191A /* CAReplicatorLayerSampleViewController.swift */ = {isa = PBXFileReference; fileEncoding = 4; lastKnownFileType = sourcecode.swift; path = CAReplicatorLayerSampleViewController.swift; sourceTree = "<group>"; };
/* End PBXFileReference section */

/* Begin PBXFrameworksBuildPhase section */
		FF2DF46D1B820D270099191A /* Frameworks */ = {
			isa = PBXFrameworksBuildPhase;
			buildActionMask = 2147483647;
			files = (
			);
			runOnlyForDeploymentPostprocessing = 0;
		};
		FF2DF4821B820D280099191A /* Frameworks */ = {
			isa = PBXFrameworksBuildPhase;
			buildActionMask = 2147483647;
			files = (
			);
			runOnlyForDeploymentPostprocessing = 0;
		};
/* End PBXFrameworksBuildPhase section */

/* Begin PBXGroup section */
		FF2DF4671B820D270099191A = {
			isa = PBXGroup;
			children = (
				FF2DF4721B820D280099191A /* BlogSamples */,
				FF2DF4881B820D280099191A /* BlogSamplesTests */,
				FF2DF4711B820D280099191A /* Products */,
			);
			sourceTree = "<group>";
		};
		FF2DF4711B820D280099191A /* Products */ = {
			isa = PBXGroup;
			children = (
				FF2DF4701B820D280099191A /* BlogSamples.app */,
				FF2DF4851B820D280099191A /* BlogSamplesTests.xctest */,
			);
			name = Products;
			sourceTree = "<group>";
		};
		FF2DF4721B820D280099191A /* BlogSamples */ = {
			isa = PBXGroup;
			children = (
				FF2DF49B1B821A050099191A /* CAReplicatorLayer */,
				FF2DF49A1B8214D80099191A /* Common */,
				FF2DF4751B820D280099191A /* AppDelegate.swift */,
				FF2DF4771B820D280099191A /* TableViewController.swift */,
				FF2DF4791B820D280099191A /* Main.storyboard */,
				FF2DF47C1B820D280099191A /* Images.xcassets */,
				FF2DF47E1B820D280099191A /* LaunchScreen.xib */,
				FF2DF4731B820D280099191A /* Supporting Files */,
			);
			path = BlogSamples;
			sourceTree = "<group>";
		};
		FF2DF4731B820D280099191A /* Supporting Files */ = {
			isa = PBXGroup;
			children = (
				FF2DF4741B820D280099191A /* Info.plist */,
			);
			name = "Supporting Files";
			sourceTree = "<group>";
		};
		FF2DF4881B820D280099191A /* BlogSamplesTests */ = {
			isa = PBXGroup;
			children = (
				FF2DF48B1B820D280099191A /* BlogSamplesTests.swift */,
				FF2DF4891B820D280099191A /* Supporting Files */,
			);
			path = BlogSamplesTests;
			sourceTree = "<group>";
		};
		FF2DF4891B820D280099191A /* Supporting Files */ = {
			isa = PBXGroup;
			children = (
				FF2DF48A1B820D280099191A /* Info.plist */,
			);
			name = "Supporting Files";
			sourceTree = "<group>";
		};
		FF2DF49A1B8214D80099191A /* Common */ = {
			isa = PBXGroup;
			children = (
				FF2DF4981B8214CF0099191A /* Sample.swift */,
				FF2DF4961B8212DD0099191A /* SampleCodeDataSource.swift */,
			);
			name = Common;
			sourceTree = "<group>";
		};
		FF2DF49B1B821A050099191A /* CAReplicatorLayer */ = {
			isa = PBXGroup;
			children = (
				FF2DF49C1B821A410099191A /* CAReplicatorLayerSample.storyboard */,
				FF2DF49E1B821A730099191A /* CAReplicatorLayerSampleViewController.swift */,
			);
			path = CAReplicatorLayer;
			sourceTree = "<group>";
		};
/* End PBXGroup section */

/* Begin PBXNativeTarget section */
		FF2DF46F1B820D270099191A /* BlogSamples */ = {
			isa = PBXNativeTarget;
			buildConfigurationList = FF2DF48F1B820D280099191A /* Build configuration list for PBXNativeTarget "BlogSamples" */;
			buildPhases = (
				FF2DF46C1B820D270099191A /* Sources */,
				FF2DF46D1B820D270099191A /* Frameworks */,
				FF2DF46E1B820D270099191A /* Resources */,
			);
			buildRules = (
			);
			dependencies = (
			);
			name = BlogSamples;
			productName = BlogSamples;
			productReference = FF2DF4701B820D280099191A /* BlogSamples.app */;
			productType = "com.apple.product-type.application";
		};
		FF2DF4841B820D280099191A /* BlogSamplesTests */ = {
			isa = PBXNativeTarget;
			buildConfigurationList = FF2DF4921B820D280099191A /* Build configuration list for PBXNativeTarget "BlogSamplesTests" */;
			buildPhases = (
				FF2DF4811B820D280099191A /* Sources */,
				FF2DF4821B820D280099191A /* Frameworks */,
				FF2DF4831B820D280099191A /* Resources */,
			);
			buildRules = (
			);
			dependencies = (
				FF2DF4871B820D280099191A /* PBXTargetDependency */,
			);
			name = BlogSamplesTests;
			productName = BlogSamplesTests;
			productReference = FF2DF4851B820D280099191A /* BlogSamplesTests.xctest */;
			productType = "com.apple.product-type.bundle.unit-test";
		};
/* End PBXNativeTarget section */

/* Begin PBXProject section */
		FF2DF4681B820D270099191A /* Project object */ = {
			isa = PBXProject;
			attributes = {
				LastUpgradeCheck = 0640;
				ORGANIZATIONNAME = waft;
				TargetAttributes = {
					FF2DF46F1B820D270099191A = {
						CreatedOnToolsVersion = 6.4;
					};
					FF2DF4841B820D280099191A = {
						CreatedOnToolsVersion = 6.4;
						TestTargetID = FF2DF46F1B820D270099191A;
					};
				};
			};
			buildConfigurationList = FF2DF46B1B820D270099191A /* Build configuration list for PBXProject "BlogSamples" */;
			compatibilityVersion = "Xcode 3.2";
			developmentRegion = English;
			hasScannedForEncodings = 0;
			knownRegions = (
				en,
				Base,
			);
			mainGroup = FF2DF4671B820D270099191A;
			productRefGroup = FF2DF4711B820D280099191A /* Products */;
			projectDirPath = "";
			projectRoot = "";
			targets = (
				FF2DF46F1B820D270099191A /* BlogSamples */,
				FF2DF4841B820D280099191A /* BlogSamplesTests */,
			);
		};
/* End PBXProject section */

/* Begin PBXResourcesBuildPhase section */
		FF2DF46E1B820D270099191A /* Resources */ = {
			isa = PBXResourcesBuildPhase;
			buildActionMask = 2147483647;
			files = (
				FF2DF47B1B820D280099191A /* Main.storyboard in Resources */,
				FF2DF49D1B821A410099191A /* CAReplicatorLayerSample.storyboard in Resources */,
				FF2DF4801B820D280099191A /* LaunchScreen.xib in Resources */,
				FF2DF47D1B820D280099191A /* Images.xcassets in Resources */,
			);
			runOnlyForDeploymentPostprocessing = 0;
		};
		FF2DF4831B820D280099191A /* Resources */ = {
			isa = PBXResourcesBuildPhase;
			buildActionMask = 2147483647;
			files = (
			);
			runOnlyForDeploymentPostprocessing = 0;
		};
/* End PBXResourcesBuildPhase section */

/* Begin PBXSourcesBuildPhase section */
		FF2DF46C1B820D270099191A /* Sources */ = {
			isa = PBXSourcesBuildPhase;
			buildActionMask = 2147483647;
			files = (
				FF2DF49F1B821A730099191A /* CAReplicatorLayerSampleViewController.swift in Sources */,
				FF2DF4781B820D280099191A /* TableViewController.swift in Sources */,
				FF2DF4991B8214CF0099191A /* Sample.swift in Sources */,
				FF2DF4761B820D280099191A /* AppDelegate.swift in Sources */,
				FF2DF4971B8212DD0099191A /* SampleCodeDataSource.swift in Sources */,
			);
			runOnlyForDeploymentPostprocessing = 0;
		};
		FF2DF4811B820D280099191A /* Sources */ = {
			isa = PBXSourcesBuildPhase;
			buildActionMask = 2147483647;
			files = (
				FF2DF48C1B820D280099191A /* BlogSamplesTests.swift in Sources */,
			);
			runOnlyForDeploymentPostprocessing = 0;
		};
/* End PBXSourcesBuildPhase section */

/* Begin PBXTargetDependency section */
		FF2DF4871B820D280099191A /* PBXTargetDependency */ = {
			isa = PBXTargetDependency;
			target = FF2DF46F1B820D270099191A /* BlogSamples */;
			targetProxy = FF2DF4861B820D280099191A /* PBXContainerItemProxy */;
		};
/* End PBXTargetDependency section */

/* Begin PBXVariantGroup section */
		FF2DF4791B820D280099191A /* Main.storyboard */ = {
			isa = PBXVariantGroup;
			children = (
				FF2DF47A1B820D280099191A /* Base */,
			);
			name = Main.storyboard;
			sourceTree = "<group>";
		};
		FF2DF47E1B820D280099191A /* LaunchScreen.xib */ = {
			isa = PBXVariantGroup;
			children = (
				FF2DF47F1B820D280099191A /* Base */,
			);
			name = LaunchScreen.xib;
			sourceTree = "<group>";
		};
/* End PBXVariantGroup section */

/* Begin XCBuildConfiguration section */
		FF2DF48D1B820D280099191A /* Debug */ = {
			isa = XCBuildConfiguration;
			buildSettings = {
				ALWAYS_SEARCH_USER_PATHS = NO;
				CLANG_CXX_LANGUAGE_STANDARD = "gnu++0x";
				CLANG_CXX_LIBRARY = "libc++";
				CLANG_ENABLE_MODULES = YES;
				CLANG_ENABLE_OBJC_ARC = YES;
				CLANG_WARN_BOOL_CONVERSION = YES;
				CLANG_WARN_CONSTANT_CONVERSION = YES;
				CLANG_WARN_DIRECT_OBJC_ISA_USAGE = YES_ERROR;
				CLANG_WARN_EMPTY_BODY = YES;
				CLANG_WARN_ENUM_CONVERSION = YES;
				CLANG_WARN_INT_CONVERSION = YES;
				CLANG_WARN_OBJC_ROOT_CLASS = YES_ERROR;
				CLANG_WARN_UNREACHABLE_CODE = YES;
				CLANG_WARN__DUPLICATE_METHOD_MATCH = YES;
				"CODE_SIGN_IDENTITY[sdk=iphoneos*]" = "iPhone Developer";
				COPY_PHASE_STRIP = NO;
				DEBUG_INFORMATION_FORMAT = "dwarf-with-dsym";
				ENABLE_STRICT_OBJC_MSGSEND = YES;
				GCC_C_LANGUAGE_STANDARD = gnu99;
				GCC_DYNAMIC_NO_PIC = NO;
				GCC_NO_COMMON_BLOCKS = YES;
				GCC_OPTIMIZATION_LEVEL = 0;
				GCC_PREPROCESSOR_DEFINITIONS = (
					"DEBUG=1",
					"$(inherited)",
				);
				GCC_SYMBOLS_PRIVATE_EXTERN = NO;
				GCC_WARN_64_TO_32_BIT_CONVERSION = YES;
				GCC_WARN_ABOUT_RETURN_TYPE = YES_ERROR;
				GCC_WARN_UNDECLARED_SELECTOR = YES;
				GCC_WARN_UNINITIALIZED_AUTOS = YES_AGGRESSIVE;
				GCC_WARN_UNUSED_FUNCTION = YES;
				GCC_WARN_UNUSED_VARIABLE = YES;
				IPHONEOS_DEPLOYMENT_TARGET = 8.4;
				MTL_ENABLE_DEBUG_INFO = YES;
				ONLY_ACTIVE_ARCH = YES;
				SDKROOT = iphoneos;
				SWIFT_OPTIMIZATION_LEVEL = "-Onone";
			};
			name = Debug;
		};
		FF2DF48E1B820D280099191A /* Release */ = {
			isa = XCBuildConfiguration;
			buildSettings = {
				ALWAYS_SEARCH_USER_PATHS = NO;
				CLANG_CXX_LANGUAGE_STANDARD = "gnu++0x";
				CLANG_CXX_LIBRARY = "libc++";
				CLANG_ENABLE_MODULES = YES;
				CLANG_ENABLE_OBJC_ARC = YES;
				CLANG_WARN_BOOL_CONVERSION = YES;
				CLANG_WARN_CONSTANT_CONVERSION = YES;
				CLANG_WARN_DIRECT_OBJC_ISA_USAGE = YES_ERROR;
				CLANG_WARN_EMPTY_BODY = YES;
				CLANG_WARN_ENUM_CONVERSION = YES;
				CLANG_WARN_INT_CONVERSION = YES;
				CLANG_WARN_OBJC_ROOT_CLASS = YES_ERROR;
				CLANG_WARN_UNREACHABLE_CODE = YES;
				CLANG_WARN__DUPLICATE_METHOD_MATCH = YES;
				"CODE_SIGN_IDENTITY[sdk=iphoneos*]" = "iPhone Developer";
				COPY_PHASE_STRIP = NO;
				DEBUG_INFORMATION_FORMAT = "dwarf-with-dsym";
				ENABLE_NS_ASSERTIONS = NO;
				ENABLE_STRICT_OBJC_MSGSEND = YES;
				GCC_C_LANGUAGE_STANDARD = gnu99;
				GCC_NO_COMMON_BLOCKS = YES;
				GCC_WARN_64_TO_32_BIT_CONVERSION = YES;
				GCC_WARN_ABOUT_RETURN_TYPE = YES_ERROR;
				GCC_WARN_UNDECLARED_SELECTOR = YES;
				GCC_WARN_UNINITIALIZED_AUTOS = YES_AGGRESSIVE;
				GCC_WARN_UNUSED_FUNCTION = YES;
				GCC_WARN_UNUSED_VARIABLE = YES;
				IPHONEOS_DEPLOYMENT_TARGET = 8.4;
				MTL_ENABLE_DEBUG_INFO = NO;
				SDKROOT = iphoneos;
				VALIDATE_PRODUCT = YES;
			};
			name = Release;
		};
		FF2DF4901B820D280099191A /* Debug */ = {
			isa = XCBuildConfiguration;
			buildSettings = {
				ASSETCATALOG_COMPILER_APPICON_NAME = AppIcon;
				INFOPLIST_FILE = BlogSamples/Info.plist;
				LD_RUNPATH_SEARCH_PATHS = "$(inherited) @executable_path/Frameworks";
				PRODUCT_NAME = "$(TARGET_NAME)";
			};
			name = Debug;
		};
		FF2DF4911B820D280099191A /* Release */ = {
			isa = XCBuildConfiguration;
			buildSettings = {
				ASSETCATALOG_COMPILER_APPICON_NAME = AppIcon;
				INFOPLIST_FILE = BlogSamples/Info.plist;
				LD_RUNPATH_SEARCH_PATHS = "$(inherited) @executable_path/Frameworks";
				PRODUCT_NAME = "$(TARGET_NAME)";
			};
			name = Release;
		};
		FF2DF4931B820D280099191A /* Debug */ = {
			isa = XCBuildConfiguration;
			buildSettings = {
				BUNDLE_LOADER = "$(TEST_HOST)";
				FRAMEWORK_SEARCH_PATHS = (
					"$(SDKROOT)/Developer/Library/Frameworks",
					"$(inherited)",
				);
				GCC_PREPROCESSOR_DEFINITIONS = (
					"DEBUG=1",
					"$(inherited)",
				);
				INFOPLIST_FILE = BlogSamplesTests/Info.plist;
				LD_RUNPATH_SEARCH_PATHS = "$(inherited) @executable_path/Frameworks @loader_path/Frameworks";
				PRODUCT_NAME = "$(TARGET_NAME)";
				TEST_HOST = "$(BUILT_PRODUCTS_DIR)/BlogSamples.app/BlogSamples";
			};
			name = Debug;
		};
		FF2DF4941B820D280099191A /* Release */ = {
			isa = XCBuildConfiguration;
			buildSettings = {
				BUNDLE_LOADER = "$(TEST_HOST)";
				FRAMEWORK_SEARCH_PATHS = (
					"$(SDKROOT)/Developer/Library/Frameworks",
					"$(inherited)",
				);
				INFOPLIST_FILE = BlogSamplesTests/Info.plist;
				LD_RUNPATH_SEARCH_PATHS = "$(inherited) @executable_path/Frameworks @loader_path/Frameworks";
				PRODUCT_NAME = "$(TARGET_NAME)";
				TEST_HOST = "$(BUILT_PRODUCTS_DIR)/BlogSamples.app/BlogSamples";
			};
			name = Release;
		};
/* End XCBuildConfiguration section */

/* Begin XCConfigurationList section */
		FF2DF46B1B820D270099191A /* Build configuration list for PBXProject "BlogSamples" */ = {
			isa = XCConfigurationList;
			buildConfigurations = (
				FF2DF48D1B820D280099191A /* Debug */,
				FF2DF48E1B820D280099191A /* Release */,
			);
			defaultConfigurationIsVisible = 0;
			defaultConfigurationName = Release;
		};
		FF2DF48F1B820D280099191A /* Build configuration list for PBXNativeTarget "BlogSamples" */ = {
			isa = XCConfigurationList;
			buildConfigurations = (
				FF2DF4901B820D280099191A /* Debug */,
				FF2DF4911B820D280099191A /* Release */,
			);
			defaultConfigurationIsVisible = 0;
			defaultConfigurationName = Release;
		};
		FF2DF4921B820D280099191A /* Build configuration list for PBXNativeTarget "BlogSamplesTests" */ = {
			isa = XCConfigurationList;
			buildConfigurations = (
				FF2DF4931B820D280099191A /* Debug */,
				FF2DF4941B820D280099191A /* Release */,
			);
			defaultConfigurationIsVisible = 0;
			defaultConfigurationName = Release;
		};
/* End XCConfigurationList section */
	};
	rootObject = FF2DF4681B820D270099191A /* Project object */;
}
